
Microsoft Visual Studio Solution File, Format Version 12.00
# Visual Studio Version 16
VisualStudioVersion = 16.0.28803.352
MinimumVisualStudioVersion = 10.0.40219.1
Project("{FAE04EC0-301F-11D3-BF4B-00C04F79EFBC}") = "QLQuanCafe.Common", "QLQuanCafe.Common\QLQuanCafe.Common.csproj", "{71A8ADE7-5E95-4C6A-BFC1-BB619A4251AB}"
EndProject
Project("{FAE04EC0-301F-11D3-BF4B-00C04F79EFBC}") = "QLQuanCafe.Model", "QLQuanCafe.Model\QLQuanCafe.Model.csproj", "{E035AA4F-EAA9-4406-A5C4-B7E734DDD9E4}"
EndProject
Project("{FAE04EC0-301F-11D3-BF4B-00C04F79EFBC}") = "QLQuanCafe.Service", "QLQuanCafe.Service\QLQuanCafe.Service.csproj", "{9C666CFE-6561-4C8D-BA87-6419C1C3CB9A}"
EndProject
Project("{FAE04EC0-301F-11D3-BF4B-00C04F79EFBC}") = "QLQuanCafe.UnitTest", "QLQuanCafe.UnitTest\QLQuanCafe.UnitTest.csproj", "{247CB626-0C5C-4678-877A-E83ECB15F874}"
EndProject
Project("{FAE04EC0-301F-11D3-BF4B-00C04F79EFBC}") = "QLQuanCafe.Data", "QLQuanCafe.Data\QLQuanCafe.Data.csproj", "{436A8CB5-318C-451F-A881-04C98C86F66D}"
EndProject
Project("{FAE04EC0-301F-11D3-BF4B-00C04F79EFBC}") = "QLQuanCafe.Web", "QLQuanCafe.Web\QLQuanCafe.Web.csproj", "{238A04CE-CF94-44B4-8A60-010C62079EA4}"
EndProject
Global
	GlobalSection(SolutionConfigurationPlatforms) = preSolution
		Debug|Any CPU = Debug|Any CPU
		Release|Any CPU = Release|Any CPU
	EndGlobalSection
	GlobalSection(ProjectConfigurationPlatforms) = postSolution
		{71A8ADE7-5E95-4C6A-BFC1-BB619A4251AB}.Debug|Any CPU.ActiveCfg = Debug|Any CPU
		{71A8ADE7-5E95-4C6A-BFC1-BB619A4251AB}.Debug|Any CPU.Build.0 = Debug|Any CPU
		{71A8ADE7-5E95-4C6A-BFC1-BB619A4251AB}.Release|Any CPU.ActiveCfg = Release|Any CPU
		{71A8ADE7-5E95-4C6A-BFC1-BB619A4251AB}.Release|Any CPU.Build.0 = Release|Any CPU
		{E035AA4F-EAA9-4406-A5C4-B7E734DDD9E4}.Debug|Any CPU.ActiveCfg = Debug|Any CPU
		{E035AA4F-EAA9-4406-A5C4-B7E734DDD9E4}.Debug|Any CPU.Build.0 = Debug|Any CPU
		{E035AA4F-EAA9-4406-A5C4-B7E734DDD9E4}.Release|Any CPU.ActiveCfg = Release|Any CPU
		{E035AA4F-EAA9-4406-A5C4-B7E734DDD9E4}.Release|Any CPU.Build.0 = Release|Any CPU
		{9C666CFE-6561-4C8D-BA87-6419C1C3CB9A}.Debug|Any CPU.ActiveCfg = Debug|Any CPU
		{9C666CFE-6561-4C8D-BA87-6419C1C3CB9A}.Debug|Any CPU.Build.0 = Debug|Any CPU
		{9C666CFE-6561-4C8D-BA87-6419C1C3CB9A}.Release|Any CPU.ActiveCfg = Release|Any CPU
		{9C666CFE-6561-4C8D-BA87-6419C1C3CB9A}.Release|Any CPU.Build.0 = Release|Any CPU
		{247CB626-0C5C-4678-877A-E83ECB15F874}.Debug|Any CPU.ActiveCfg = Debug|Any CPU
		{247CB626-0C5C-4678-877A-E83ECB15F874}.Debug|Any CPU.Build.0 = Debug|Any CPU
		{247CB626-0C5C-4678-877A-E83ECB15F874}.Release|Any CPU.ActiveCfg = Release|Any CPU
		{247CB626-0C5C-4678-877A-E83ECB15F874}.Release|Any CPU.Build.0 = Release|Any CPU
		{436A8CB5-318C-451F-A881-04C98C86F66D}.Debug|Any CPU.ActiveCfg = Debug|Any CPU
		{436A8CB5-318C-451F-A881-04C98C86F66D}.Debug|Any CPU.Build.0 = Debug|Any CPU
		{436A8CB5-318C-451F-A881-04C98C86F66D}.Release|Any CPU.ActiveCfg = Release|Any CPU
		{436A8CB5-318C-451F-A881-04C98C86F66D}.Release|Any CPU.Build.0 = Release|Any CPU
		{238A04CE-CF94-44B4-8A60-010C62079EA4}.Debug|Any CPU.ActiveCfg = Debug|Any CPU
		{238A04CE-CF94-44B4-8A60-010C62079EA4}.Debug|Any CPU.Build.0 = Debug|Any CPU
		{238A04CE-CF94-44B4-8A60-010C62079EA4}.Release|Any CPU.ActiveCfg = Release|Any CPU
		{238A04CE-CF94-44B4-8A60-010C62079EA4}.Release|Any CPU.Build.0 = Release|Any CPU
	EndGlobalSection
	GlobalSection(SolutionProperties) = preSolution
		HideSolutionNode = FALSE
	EndGlobalSection
	GlobalSection(ExtensibilityGlobals) = postSolution
		SolutionGuid = {74012A4B-71CE-4732-8494-80EB847C948E}
	EndGlobalSection
EndGlobal
